# THIS IS AN AUTOGENERATED FILE. DO NOT EDIT THIS FILE DIRECTLY.
# yarn lockfile v1


selenium@^2.20.0:
  version "2.20.0"
  resolved "https://registry.yarnpkg.com/selenium/-/selenium-2.20.0.tgz#f515b1a162de93c2ccef2fc0ca33f3b5543e38c8"
  integrity sha512-Rs3db66ZOrs55MKWNAncCQiNLwYbQswDMVbyutT/8utJTkO8FzhdQT/0UG2xFMxdqxcxxVUnpHlyTGHi43mtSg==
